
Microsoft Visual Studio Solution File, Format Version 12.00
# Visual Studio Version 17
VisualStudioVersion = 17.5.33516.290
MinimumVisualStudioVersion = 10.0.40219.1
Project("{FAE04EC0-301F-11D3-BF4B-00C04F79EFBC}") = "电梯调度", "WpfApp1\电梯调度.csproj", "{A829A8D9-F2E5-4C72-BD5D-1B25A17DA8F7}"
EndProject
Global
	GlobalSection(SolutionConfigurationPlatforms) = preSolution
		Debug|Any CPU = Debug|Any CPU
		Release|Any CPU = Release|Any CPU
	EndGlobalSection
	GlobalSection(ProjectConfigurationPlatforms) = postSolution
		{A829A8D9-F2E5-4C72-BD5D-1B25A17DA8F7}.Debug|Any CPU.ActiveCfg = Debug|Any CPU
		{A829A8D9-F2E5-4C72-BD5D-1B25A17DA8F7}.Debug|Any CPU.Build.0 = Debug|Any CPU
		{A829A8D9-F2E5-4C72-BD5D-1B25A17DA8F7}.Release|Any CPU.ActiveCfg = Release|Any CPU
		{A829A8D9-F2E5-4C72-BD5D-1B25A17DA8F7}.Release|Any CPU.Build.0 = Release|Any CPU
	EndGlobalSection
	GlobalSection(SolutionProperties) = preSolution
		HideSolutionNode = FALSE
	EndGlobalSection
	GlobalSection(ExtensibilityGlobals) = postSolution
		SolutionGuid = {5791C8F4-310C-433A-BD21-5F886BDD2A6E}
	EndGlobalSection
EndGlobal
